// !$*UTF8*$!
{
	archiveVersion = 1;
	classes = {
	};
	objectVersion = 77;
	objects = {

/* Begin PBXContainerItemProxy section */
		80AD8FD02CF9E16100DB3D71 /* PBXContainerItemProxy */ = {
			isa = PBXContainerItemProxy;
			containerPortal = 80AD8FB12CF9E16000DB3D71 /* Project object */;
			proxyType = 1;
			remoteGlobalIDString = 80AD8FB82CF9E16000DB3D71;
			remoteInfo = "NewsProject-2";
		};
		80AD8FDA2CF9E16100DB3D71 /* PBXContainerItemProxy */ = {
			isa = PBXContainerItemProxy;
			containerPortal = 80AD8FB12CF9E16000DB3D71 /* Project object */;
			proxyType = 1;
			remoteGlobalIDString = 80AD8FB82CF9E16000DB3D71;
			remoteInfo = "NewsProject-2";
		};
/* End PBXContainerItemProxy section */

/* Begin PBXFileReference section */
		80AD8FB92CF9E16000DB3D71 /* NewsProject-2.app */ = {isa = PBXFileReference; explicitFileType = wrapper.application; includeInIndex = 0; path = "NewsProject-2.app"; sourceTree = BUILT_PRODUCTS_DIR; };
		80AD8FCF2CF9E16100DB3D71 /* NewsProject-2Tests.xctest */ = {isa = PBXFileReference; explicitFileType = wrapper.cfbundle; includeInIndex = 0; path = "NewsProject-2Tests.xctest"; sourceTree = BUILT_PRODUCTS_DIR; };
		80AD8FD92CF9E16100DB3D71 /* NewsProject-2UITests.xctest */ = {isa = PBXFileReference; explicitFileType = wrapper.cfbundle; includeInIndex = 0; path = "NewsProject-2UITests.xctest"; sourceTree = BUILT_PRODUCTS_DIR; };
/* End PBXFileReference section */

/* Begin PBXFileSystemSynchronizedBuildFileExceptionSet section */
		80AD8FE12CF9E16100DB3D71 /* Exceptions for "NewsProject-2" folder in "NewsProject-2" target */ = {
			isa = PBXFileSystemSynchronizedBuildFileExceptionSet;
			membershipExceptions = (
				Info.plist,
			);
			target = 80AD8FB82CF9E16000DB3D71 /* NewsProject-2 */;
		};
/* End PBXFileSystemSynchronizedBuildFileExceptionSet section */

/* Begin PBXFileSystemSynchronizedRootGroup section */
		80AD8FBB2CF9E16000DB3D71 /* NewsProject-2 */ = {
			isa = PBXFileSystemSynchronizedRootGroup;
			exceptions = (
				80AD8FE12CF9E16100DB3D71 /* Exceptions for "NewsProject-2" folder in "NewsProject-2" target */,
			);
			path = "NewsProject-2";
			sourceTree = "<group>";
		};
		80AD8FD22CF9E16100DB3D71 /* NewsProject-2Tests */ = {
			isa = PBXFileSystemSynchronizedRootGroup;
			path = "NewsProject-2Tests";
			sourceTree = "<group>";
		};
		80AD8FDC2CF9E16100DB3D71 /* NewsProject-2UITests */ = {
			isa = PBXFileSystemSynchronizedRootGroup;
			path = "NewsProject-2UITests";
			sourceTree = "<group>";
		};
/* End PBXFileSystemSynchronizedRootGroup section */

/* Begin PBXFrameworksBuildPhase section */
		80AD8FB62CF9E16000DB3D71 /* Frameworks */ = {
			isa = PBXFrameworksBuildPhase;
			buildActionMask = 2147483647;
			files = (
			);
			runOnlyForDeploymentPostprocessing = 0;
		};
		80AD8FCC2CF9E16100DB3D71 /* Frameworks */ = {
			isa = PBXFrameworksBuildPhase;
			buildActionMask = 2147483647;
			files = (
			);
			runOnlyForDeploymentPostprocessing = 0;
		};
		80AD8FD62CF9E16100DB3D71 /* Frameworks */ = {
			isa = PBXFrameworksBuildPhase;
			buildActionMask = 2147483647;
			files = (
			);
			runOnlyForDeploymentPostprocessing = 0;
		};
/* End PBXFrameworksBuildPhase section */

/* Begin PBXGroup section */
		80AD8FB02CF9E16000DB3D71 = {
			isa = PBXGroup;
			children = (
				80AD8FBB2CF9E16000DB3D71 /* NewsProject-2 */,
				80AD8FD22CF9E16100DB3D71 /* NewsProject-2Tests */,
				80AD8FDC2CF9E16100DB3D71 /* NewsProject-2UITests */,
				80AD8FBA2CF9E16000DB3D71 /* Products */,
			);
			sourceTree = "<group>";
		};
		80AD8FBA2CF9E16000DB3D71 /* Products */ = {
			isa = PBXGroup;
			children = (
				80AD8FB92CF9E16000DB3D71 /* NewsProject-2.app */,
				80AD8FCF2CF9E16100DB3D71 /* NewsProject-2Tests.xctest */,
				80AD8FD92CF9E16100DB3D71 /* NewsProject-2UITests.xctest */,
			);
			name = Products;
			sourceTree = "<group>";
		};
/* End PBXGroup section */

/* Begin PBXNativeTarget section */
		80AD8FB82CF9E16000DB3D71 /* NewsProject-2 */ = {
			isa = PBXNativeTarget;
			buildConfigurationList = 80AD8FE22CF9E16100DB3D71 /* Build configuration list for PBXNativeTarget "NewsProject-2" */;
			buildPhases = (
				80AD8FB52CF9E16000DB3D71 /* Sources */,
				80AD8FB62CF9E16000DB3D71 /* Frameworks */,
				80AD8FB72CF9E16000DB3D71 /* Resources */,
			);
			buildRules = (
			);
			dependencies = (
			);
			fileSystemSynchronizedGroups = (
				80AD8FBB2CF9E16000DB3D71 /* NewsProject-2 */,
			);
			name = "NewsProject-2";
			packageProductDependencies = (
			);
			productName = "NewsProject-2";
			productReference = 80AD8FB92CF9E16000DB3D71 /* NewsProject-2.app */;
			productType = "com.apple.product-type.application";
		};
		80AD8FCE2CF9E16100DB3D71 /* NewsProject-2Tests */ = {
			isa = PBXNativeTarget;
			buildConfigurationList = 80AD8FE72CF9E16100DB3D71 /* Build configuration list for PBXNativeTarget "NewsProject-2Tests" */;
			buildPhases = (
				80AD8FCB2CF9E16100DB3D71 /* Sources */,
				80AD8FCC2CF9E16100DB3D71 /* Frameworks */,
				80AD8FCD2CF9E16100DB3D71 /* Resources */,
			);
			buildRules = (
			);
			dependencies = (
				80AD8FD12CF9E16100DB3D71 /* PBXTargetDependency */,
			);
			fileSystemSynchronizedGroups = (
				80AD8FD22CF9E16100DB3D71 /* NewsProject-2Tests */,
			);
			name = "NewsProject-2Tests";
			packageProductDependencies = (
			);
			productName = "NewsProject-2Tests";
			productReference = 80AD8FCF2CF9E16100DB3D71 /* NewsProject-2Tests.xctest */;
			productType = "com.apple.product-type.bundle.unit-test";
		};
		80AD8FD82CF9E16100DB3D71 /* NewsProject-2UITests */ = {
			isa = PBXNativeTarget;
			buildConfigurationList = 80AD8FEA2CF9E16100DB3D71 /* Build configuration list for PBXNativeTarget "NewsProject-2UITests" */;
			buildPhases = (
				80AD8FD52CF9E16100DB3D71 /* Sources */,
				80AD8FD62CF9E16100DB3D71 /* Frameworks */,
				80AD8FD72CF9E16100DB3D71 /* Resources */,
			);
			buildRules = (
			);
			dependencies = (
				80AD8FDB2CF9E16100DB3D71 /* PBXTargetDependency */,
			);
			fileSystemSynchronizedGroups = (
				80AD8FDC2CF9E16100DB3D71 /* NewsProject-2UITests */,
			);
			name = "NewsProject-2UITests";
			packageProductDependencies = (
			);
			productName = "NewsProject-2UITests";
			productReference = 80AD8FD92CF9E16100DB3D71 /* NewsProject-2UITests.xctest */;
			productType = "com.apple.product-type.bundle.ui-testing";
		};
/* End PBXNativeTarget section */

/* Begin PBXProject section */
		80AD8FB12CF9E16000DB3D71 /* Project object */ = {
			isa = PBXProject;
			attributes = {
				BuildIndependentTargetsInParallel = 1;
				LastSwiftUpdateCheck = 1610;
				LastUpgradeCheck = 1610;
				TargetAttributes = {
					80AD8FB82CF9E16000DB3D71 = {
						CreatedOnToolsVersion = 16.1;
					};
					80AD8FCE2CF9E16100DB3D71 = {
						CreatedOnToolsVersion = 16.1;
						TestTargetID = 80AD8FB82CF9E16000DB3D71;
					};
					80AD8FD82CF9E16100DB3D71 = {
						CreatedOnToolsVersion = 16.1;
						TestTargetID = 80AD8FB82CF9E16000DB3D71;
					};
				};
			};
			buildConfigurationList = 80AD8FB42CF9E16000DB3D71 /* Build configuration list for PBXProject "NewsProject-2" */;
			developmentRegion = en;
			hasScannedForEncodings = 0;
			knownRegions = (
				en,
				Base,
			);
			mainGroup = 80AD8FB02CF9E16000DB3D71;
			minimizedProjectReferenceProxies = 1;
			preferredProjectObjectVersion = 77;
			productRefGroup = 80AD8FBA2CF9E16000DB3D71 /* Products */;
			projectDirPath = "";
			projectRoot = "";
			targets = (
				80AD8FB82CF9E16000DB3D71 /* NewsProject-2 */,
				80AD8FCE2CF9E16100DB3D71 /* NewsProject-2Tests */,
				80AD8FD82CF9E16100DB3D71 /* NewsProject-2UITests */,
			);
		};
/* End PBXProject section */

/* Begin PBXResourcesBuildPhase section */
		80AD8FB72CF9E16000DB3D71 /* Resources */ = {
			isa = PBXResourcesBuildPhase;
			buildActionMask = 2147483647;
			files = (
			);
			runOnlyForDeploymentPostprocessing = 0;
		};
		80AD8FCD2CF9E16100DB3D71 /* Resources */ = {
			isa = PBXResourcesBuildPhase;
			buildActionMask = 2147483647;
			files = (
			);
			runOnlyForDeploymentPostprocessing = 0;
		};
		80AD8FD72CF9E16100DB3D71 /* Resources */ = {
			isa = PBXResourcesBuildPhase;
			buildActionMask = 2147483647;
			files = (
			);
			runOnlyForDeploymentPostprocessing = 0;
		};
/* End PBXResourcesBuildPhase section */

/* Begin PBXSourcesBuildPhase section */
		80AD8FB52CF9E16000DB3D71 /* Sources */ = {
			isa = PBXSourcesBuildPhase;
			buildActionMask = 2147483647;
			files = (
			);
			runOnlyForDeploymentPostprocessing = 0;
		};
		80AD8FCB2CF9E16100DB3D71 /* Sources */ = {
			isa = PBXSourcesBuildPhase;
			buildActionMask = 2147483647;
			files = (
			);
			runOnlyForDeploymentPostprocessing = 0;
		};
		80AD8FD52CF9E16100DB3D71 /* Sources */ = {
			isa = PBXSourcesBuildPhase;
			buildActionMask = 2147483647;
			files = (
			);
			runOnlyForDeploymentPostprocessing = 0;
		};
/* End PBXSourcesBuildPhase section */

/* Begin PBXTargetDependency section */
		80AD8FD12CF9E16100DB3D71 /* PBXTargetDependency */ = {
			isa = PBXTargetDependency;
			target = 80AD8FB82CF9E16000DB3D71 /* NewsProject-2 */;
			targetProxy = 80AD8FD02CF9E16100DB3D71 /* PBXContainerItemProxy */;
		};
		80AD8FDB2CF9E16100DB3D71 /* PBXTargetDependency */ = {
			isa = PBXTargetDependency;
			target = 80AD8FB82CF9E16000DB3D71 /* NewsProject-2 */;
			targetProxy = 80AD8FDA2CF9E16100DB3D71 /* PBXContainerItemProxy */;
		};
/* End PBXTargetDependency section */

/* Begin XCBuildConfiguration section */
		80AD8FE32CF9E16100DB3D71 /* Debug */ = {
			isa = XCBuildConfiguration;
			buildSettings = {
				ASSETCATALOG_COMPILER_APPICON_NAME = AppIcon;
				ASSETCATALOG_COMPILER_GLOBAL_ACCENT_COLOR_NAME = AccentColor;
				CODE_SIGN_STYLE = Automatic;
				CURRENT_PROJECT_VERSION = 1;
				GENERATE_INFOPLIST_FILE = YES;
				INFOPLIST_FILE = "NewsProject-2/Info.plist";
				INFOPLIST_KEY_UIApplicationSupportsIndirectInputEvents = YES;
				INFOPLIST_KEY_UILaunchStoryboardName = LaunchScreen;
				INFOPLIST_KEY_UIMainStoryboardFile = Main;
				INFOPLIST_KEY_UISupportedInterfaceOrientations_iPad = "UIInterfaceOrientationPortrait UIInterfaceOrientationPortraitUpsideDown UIInterfaceOrientationLandscapeLeft UIInterfaceOrientationLandscapeRight";
				INFOPLIST_KEY_UISupportedInterfaceOrientations_iPhone = "UIInterfaceOrientationPortrait UIInterfaceOrientationLandscapeLeft UIInterfaceOrientationLandscapeRight";
				LD_RUNPATH_SEARCH_PATHS = (
					"$(inherited)",
					"@executable_path/Frameworks",
				);
				MARKETING_VERSION = 1.0;
				PRODUCT_BUNDLE_IDENTIFIER = "app.NewsProject-2";
				PRODUCT_NAME = "$(TARGET_NAME)";
				SWIFT_EMIT_LOC_STRINGS = YES;
				SWIFT_VERSION = 5.0;
				TARGETED_DEVICE_FAMILY = "1,2";
			};
			name = Debug;
		};
		80AD8FE42CF9E16100DB3D71 /* Release */ = {
			isa = XCBuildConfiguration;
			buildSettings = {
				ASSETCATALOG_COMPILER_APPICON_NAME = AppIcon;
				ASSETCATALOG_COMPILER_GLOBAL_ACCENT_COLOR_NAME = AccentColor;
				CODE_SIGN_STYLE = Automatic;
				CURRENT_PROJECT_VERSION = 1;
				GENERATE_INFOPLIST_FILE = YES;
				INFOPLIST_FILE = "NewsProject-2/Info.plist";
				INFOPLIST_KEY_UIApplicationSupportsIndirectInputEvents = YES;
				INFOPLIST_KEY_UILaunchStoryboardName = LaunchScreen;
				INFOPLIST_KEY_UIMainStoryboardFile = Main;
				INFOPLIST_KEY_UISupportedInterfaceOrientations_iPad = "UIInterfaceOrientationPortrait UIInterfaceOrientationPortraitUpsideDown UIInterfaceOrientationLandscapeLeft UIInterfaceOrientationLandscapeRight";
				INFOPLIST_KEY_UISupportedInterfaceOrientations_iPhone = "UIInterfaceOrientationPortrait UIInterfaceOrientationLandscapeLeft UIInterfaceOrientationLandscapeRight";
				LD_RUNPATH_SEARCH_PATHS = (
					"$(inherited)",
					"@executable_path/Frameworks",
				);
				MARKETING_VERSION = 1.0;
				PRODUCT_BUNDLE_IDENTIFIER = "app.NewsProject-2";
				PRODUCT_NAME = "$(TARGET_NAME)";
				SWIFT_EMIT_LOC_STRINGS = YES;
				SWIFT_VERSION = 5.0;
				TARGETED_DEVICE_FAMILY = "1,2";
			};
			name = Release;
		};
		80AD8FE52CF9E16100DB3D71 /* Debug */ = {
			isa = XCBuildConfiguration;
			buildSettings = {
				ALWAYS_SEARCH_USER_PATHS = NO;
				ASSETCATALOG_COMPILER_GENERATE_SWIFT_ASSET_SYMBOL_EXTENSIONS = YES;
				CLANG_ANALYZER_NONNULL = YES;
				CLANG_ANALYZER_NUMBER_OBJECT_CONVERSION = YES_AGGRESSIVE;
				CLANG_CXX_LANGUAGE_STANDARD = "gnu++20";
				CLANG_ENABLE_MODULES = YES;
				CLANG_ENABLE_OBJC_ARC = YES;
				CLANG_ENABLE_OBJC_WEAK = YES;
				CLANG_WARN_BLOCK_CAPTURE_AUTORELEASING = YES;
				CLANG_WARN_BOOL_CONVERSION = YES;
				CLANG_WARN_COMMA = YES;
				CLANG_WARN_CONSTANT_CONVERSION = YES;
				CLANG_WARN_DEPRECATED_OBJC_IMPLEMENTATIONS = YES;
				CLANG_WARN_DIRECT_OBJC_ISA_USAGE = YES_ERROR;
				CLANG_WARN_DOCUMENTATION_COMMENTS = YES;
				CLANG_WARN_EMPTY_BODY = YES;
				CLANG_WARN_ENUM_CONVERSION = YES;
				CLANG_WARN_INFINITE_RECURSION = YES;
				CLANG_WARN_INT_CONVERSION = YES;
				CLANG_WARN_NON_LITERAL_NULL_CONVERSION = YES;
				CLANG_WARN_OBJC_IMPLICIT_RETAIN_SELF = YES;
				CLANG_WARN_OBJC_LITERAL_CONVERSION = YES;
				CLANG_WARN_OBJC_ROOT_CLASS = YES_ERROR;
				CLANG_WARN_QUOTED_INCLUDE_IN_FRAMEWORK_HEADER = YES;
				CLANG_WARN_RANGE_LOOP_ANALYSIS = YES;
				CLANG_WARN_STRICT_PROTOTYPES = YES;
				CLANG_WARN_SUSPICIOUS_MOVE = YES;
				CLANG_WARN_UNGUARDED_AVAILABILITY = YES_AGGRESSIVE;
				CLANG_WARN_UNREACHABLE_CODE = YES;
				CLANG_WARN__DUPLICATE_METHOD_MATCH = YES;
				COPY_PHASE_STRIP = NO;
				DEBUG_INFORMATION_FORMAT = dwarf;
				ENABLE_STRICT_OBJC_MSGSEND = YES;
				ENABLE_TESTABILITY = YES;
				ENABLE_USER_SCRIPT_SANDBOXING = YES;
				GCC_C_LANGUAGE_STANDARD = gnu17;
				GCC_DYNAMIC_NO_PIC = NO;
				GCC_NO_COMMON_BLOCKS = YES;
				GCC_OPTIMIZATION_LEVEL = 0;
				GCC_PREPROCESSOR_DEFINITIONS = (
					"DEBUG=1",
					"$(inherited)",
				);
				GCC_WARN_64_TO_32_BIT_CONVERSION = YES;
				GCC_WARN_ABOUT_RETURN_TYPE = YES_ERROR;
				GCC_WARN_UNDECLARED_SELECTOR = YES;
				GCC_WARN_UNINITIALIZED_AUTOS = YES_AGGRESSIVE;
				GCC_WARN_UNUSED_FUNCTION = YES;
				GCC_WARN_UNUSED_VARIABLE = YES;
				IPHONEOS_DEPLOYMENT_TARGET = 18.1;
				LOCALIZATION_PREFERS_STRING_CATALOGS = YES;
				MTL_ENABLE_DEBUG_INFO = INCLUDE_SOURCE;
				MTL_FAST_MATH = YES;
				ONLY_ACTIVE_ARCH = YES;
				SDKROOT = iphoneos;
				SWIFT_ACTIVE_COMPILATION_CONDITIONS = "DEBUG $(inherited)";
				SWIFT_OPTIMIZATION_LEVEL = "-Onone";
			};
			name = Debug;
		};
		80AD8FE62CF9E16100DB3D71 /* Release */ = {
			isa = XCBuildConfiguration;
			buildSettings = {
				ALWAYS_SEARCH_USER_PATHS = NO;
				ASSETCATALOG_COMPILER_GENERATE_SWIFT_ASSET_SYMBOL_EXTENSIONS = YES;
				CLANG_ANALYZER_NONNULL = YES;
				CLANG_ANALYZER_NUMBER_OBJECT_CONVERSION = YES_AGGRESSIVE;
				CLANG_CXX_LANGUAGE_STANDARD = "gnu++20";
				CLANG_ENABLE_MODULES = YES;
				CLANG_ENABLE_OBJC_ARC = YES;
				CLANG_ENABLE_OBJC_WEAK = YES;
				CLANG_WARN_BLOCK_CAPTURE_AUTORELEASING = YES;
				CLANG_WARN_BOOL_CONVERSION = YES;
				CLANG_WARN_COMMA = YES;
				CLANG_WARN_CONSTANT_CONVERSION = YES;
				CLANG_WARN_DEPRECATED_OBJC_IMPLEMENTATIONS = YES;
				CLANG_WARN_DIRECT_OBJC_ISA_USAGE = YES_ERROR;
				CLANG_WARN_DOCUMENTATION_COMMENTS = YES;
				CLANG_WARN_EMPTY_BODY = YES;
				CLANG_WARN_ENUM_CONVERSION = YES;
				CLANG_WARN_INFINITE_RECURSION = YES;
				CLANG_WARN_INT_CONVERSION = YES;
				CLANG_WARN_NON_LITERAL_NULL_CONVERSION = YES;
				CLANG_WARN_OBJC_IMPLICIT_RETAIN_SELF = YES;
				CLANG_WARN_OBJC_LITERAL_CONVERSION = YES;
				CLANG_WARN_OBJC_ROOT_CLASS = YES_ERROR;
				CLANG_WARN_QUOTED_INCLUDE_IN_FRAMEWORK_HEADER = YES;
				CLANG_WARN_RANGE_LOOP_ANALYSIS = YES;
				CLANG_WARN_STRICT_PROTOTYPES = YES;
				CLANG_WARN_SUSPICIOUS_MOVE = YES;
				CLANG_WARN_UNGUARDED_AVAILABILITY = YES_AGGRESSIVE;
				CLANG_WARN_UNREACHABLE_CODE = YES;
				CLANG_WARN__DUPLICATE_METHOD_MATCH = YES;
				COPY_PHASE_STRIP = NO;
				DEBUG_INFORMATION_FORMAT = "dwarf-with-dsym";
				ENABLE_NS_ASSERTIONS = NO;
				ENABLE_STRICT_OBJC_MSGSEND = YES;
				ENABLE_USER_SCRIPT_SANDBOXING = YES;
				GCC_C_LANGUAGE_STANDARD = gnu17;
				GCC_NO_COMMON_BLOCKS = YES;
				GCC_WARN_64_TO_32_BIT_CONVERSION = YES;
				GCC_WARN_ABOUT_RETURN_TYPE = YES_ERROR;
				GCC_WARN_UNDECLARED_SELECTOR = YES;
				GCC_WARN_UNINITIALIZED_AUTOS = YES_AGGRESSIVE;
				GCC_WARN_UNUSED_FUNCTION = YES;
				GCC_WARN_UNUSED_VARIABLE = YES;
				IPHONEOS_DEPLOYMENT_TARGET = 18.1;
				LOCALIZATION_PREFERS_STRING_CATALOGS = YES;
				MTL_ENABLE_DEBUG_INFO = NO;
				MTL_FAST_MATH = YES;
				SDKROOT = iphoneos;
				SWIFT_COMPILATION_MODE = wholemodule;
				VALIDATE_PRODUCT = YES;
			};
			name = Release;
		};
		80AD8FE82CF9E16100DB3D71 /* Debug */ = {
			isa = XCBuildConfiguration;
			buildSettings = {
				BUNDLE_LOADER = "$(TEST_HOST)";
				CODE_SIGN_STYLE = Automatic;
				CURRENT_PROJECT_VERSION = 1;
				GENERATE_INFOPLIST_FILE = YES;
				IPHONEOS_DEPLOYMENT_TARGET = 18.1;
				MARKETING_VERSION = 1.0;
				PRODUCT_BUNDLE_IDENTIFIER = "app.NewsProject-2Tests";
				PRODUCT_NAME = "$(TARGET_NAME)";
				SWIFT_EMIT_LOC_STRINGS = NO;
				SWIFT_VERSION = 5.0;
				TARGETED_DEVICE_FAMILY = "1,2";
				TEST_HOST = "$(BUILT_PRODUCTS_DIR)/NewsProject-2.app/$(BUNDLE_EXECUTABLE_FOLDER_PATH)/NewsProject-2";
			};
			name = Debug;
		};
		80AD8FE92CF9E16100DB3D71 /* Release */ = {
			isa = XCBuildConfiguration;
			buildSettings = {
				BUNDLE_LOADER = "$(TEST_HOST)";
				CODE_SIGN_STYLE = Automatic;
				CURRENT_PROJECT_VERSION = 1;
				GENERATE_INFOPLIST_FILE = YES;
				IPHONEOS_DEPLOYMENT_TARGET = 18.1;
				MARKETING_VERSION = 1.0;
				PRODUCT_BUNDLE_IDENTIFIER = "app.NewsProject-2Tests";
				PRODUCT_NAME = "$(TARGET_NAME)";
				SWIFT_EMIT_LOC_STRINGS = NO;
				SWIFT_VERSION = 5.0;
				TARGETED_DEVICE_FAMILY = "1,2";
				TEST_HOST = "$(BUILT_PRODUCTS_DIR)/NewsProject-2.app/$(BUNDLE_EXECUTABLE_FOLDER_PATH)/NewsProject-2";
			};
			name = Release;
		};
		80AD8FEB2CF9E16100DB3D71 /* Debug */ = {
			isa = XCBuildConfiguration;
			buildSettings = {
				CODE_SIGN_STYLE = Automatic;
				CURRENT_PROJECT_VERSION = 1;
				GENERATE_INFOPLIST_FILE = YES;
				MARKETING_VERSION = 1.0;
				PRODUCT_BUNDLE_IDENTIFIER = "app.NewsProject-2UITests";
				PRODUCT_NAME = "$(TARGET_NAME)";
				SWIFT_EMIT_LOC_STRINGS = NO;
				SWIFT_VERSION = 5.0;
				TARGETED_DEVICE_FAMILY = "1,2";
				TEST_TARGET_NAME = "NewsProject-2";
			};
			name = Debug;
		};
		80AD8FEC2CF9E16100DB3D71 /* Release */ = {
			isa = XCBuildConfiguration;
			buildSettings = {
				CODE_SIGN_STYLE = Automatic;
				CURRENT_PROJECT_VERSION = 1;
				GENERATE_INFOPLIST_FILE = YES;
				MARKETING_VERSION = 1.0;
				PRODUCT_BUNDLE_IDENTIFIER = "app.NewsProject-2UITests";
				PRODUCT_NAME = "$(TARGET_NAME)";
				SWIFT_EMIT_LOC_STRINGS = NO;
				SWIFT_VERSION = 5.0;
				TARGETED_DEVICE_FAMILY = "1,2";
				TEST_TARGET_NAME = "NewsProject-2";
			};
			name = Release;
		};
/* End XCBuildConfiguration section */

/* Begin XCConfigurationList section */
		80AD8FB42CF9E16000DB3D71 /* Build configuration list for PBXProject "NewsProject-2" */ = {
			isa = XCConfigurationList;
			buildConfigurations = (
				80AD8FE52CF9E16100DB3D71 /* Debug */,
				80AD8FE62CF9E16100DB3D71 /* Release */,
			);
			defaultConfigurationIsVisible = 0;
			defaultConfigurationName = Release;
		};
		80AD8FE22CF9E16100DB3D71 /* Build configuration list for PBXNativeTarget "NewsProject-2" */ = {
			isa = XCConfigurationList;
			buildConfigurations = (
				80AD8FE32CF9E16100DB3D71 /* Debug */,
				80AD8FE42CF9E16100DB3D71 /* Release */,
			);
			defaultConfigurationIsVisible = 0;
			defaultConfigurationName = Release;
		};
		80AD8FE72CF9E16100DB3D71 /* Build configuration list for PBXNativeTarget "NewsProject-2Tests" */ = {
			isa = XCConfigurationList;
			buildConfigurations = (
				80AD8FE82CF9E16100DB3D71 /* Debug */,
				80AD8FE92CF9E16100DB3D71 /* Release */,
			);
			defaultConfigurationIsVisible = 0;
			defaultConfigurationName = Release;
		};
		80AD8FEA2CF9E16100DB3D71 /* Build configuration list for PBXNativeTarget "NewsProject-2UITests" */ = {
			isa = XCConfigurationList;
			buildConfigurations = (
				80AD8FEB2CF9E16100DB3D71 /* Debug */,
				80AD8FEC2CF9E16100DB3D71 /* Release */,
			);
			defaultConfigurationIsVisible = 0;
			defaultConfigurationName = Release;
		};
/* End XCConfigurationList section */
	};
	rootObject = 80AD8FB12CF9E16000DB3D71 /* Project object */;
}
